PODS:
  - credit_card_input_form (0.0.1):
    - Flutter
  - Flutter (1.0.0)

DEPENDENCIES:
  - credit_card_input_form (from `.symlinks/plugins/credit_card_input_form/ios`)
  - Flutter (from `Flutter`)

EXTERNAL SOURCES:
  credit_card_input_form:
    :path: ".symlinks/plugins/credit_card_input_form/ios"
  Flutter:
    :path: Flutter

SPEC CHECKSUMS:
  credit_card_input_form: c849da5e6fc6ebf157d84b06077f54d6aa12fae5
  Flutter: 0e3d915762c693b495b44d77113d4970485de6ec

PODFILE CHECKSUM: c34e2287a9ccaa606aeceab922830efb9a6ff69a

COCOAPODS: 1.9.0
